
Microsoft Visual Studio Solution File, Format Version 12.00
# Visual Studio Version 17
VisualStudioVersion = 17.8.34330.188
MinimumVisualStudioVersion = 10.0.40219.1
Project("{FAE04EC0-301F-11D3-BF4B-00C04F79EFBC}") = "DiChoSaiGon", "DiChoSaiGon\DiChoSaiGon.csproj", "{6B4704B9-1C7E-48C8-B4BA-DA02BE834E4D}"
EndProject
Global
	GlobalSection(SolutionConfigurationPlatforms) = preSolution
		Debug|Any CPU = Debug|Any CPU
		Release|Any CPU = Release|Any CPU
	EndGlobalSection
	GlobalSection(ProjectConfigurationPlatforms) = postSolution
		{6B4704B9-1C7E-48C8-B4BA-DA02BE834E4D}.Debug|Any CPU.ActiveCfg = Debug|Any CPU
		{6B4704B9-1C7E-48C8-B4BA-DA02BE834E4D}.Debug|Any CPU.Build.0 = Debug|Any CPU
		{6B4704B9-1C7E-48C8-B4BA-DA02BE834E4D}.Release|Any CPU.ActiveCfg = Release|Any CPU
		{6B4704B9-1C7E-48C8-B4BA-DA02BE834E4D}.Release|Any CPU.Build.0 = Release|Any CPU
	EndGlobalSection
	GlobalSection(SolutionProperties) = preSolution
		HideSolutionNode = FALSE
	EndGlobalSection
	GlobalSection(ExtensibilityGlobals) = postSolution
		SolutionGuid = {8B8B4279-4712-42DE-A3D3-B37348D329AA}
	EndGlobalSection
EndGlobal
